
Microsoft Visual Studio Solution File, Format Version 12.00
# Visual Studio Version 16
VisualStudioVersion = 16.0.33027.164
MinimumVisualStudioVersion = 10.0.40219.1
Project("{FAE04EC0-301F-11D3-BF4B-00C04F79EFBC}") = "超市管理系统", "超市管理系统\超市管理系统.csproj", "{C8395193-7DD6-45E1-A73C-4535DDB4C64E}"
EndProject
Global
	GlobalSection(SolutionConfigurationPlatforms) = preSolution
		Debug|Any CPU = Debug|Any CPU
		Release|Any CPU = Release|Any CPU
	EndGlobalSection
	GlobalSection(ProjectConfigurationPlatforms) = postSolution
		{C8395193-7DD6-45E1-A73C-4535DDB4C64E}.Debug|Any CPU.ActiveCfg = Debug|Any CPU
		{C8395193-7DD6-45E1-A73C-4535DDB4C64E}.Debug|Any CPU.Build.0 = Debug|Any CPU
		{C8395193-7DD6-45E1-A73C-4535DDB4C64E}.Release|Any CPU.ActiveCfg = Release|Any CPU
		{C8395193-7DD6-45E1-A73C-4535DDB4C64E}.Release|Any CPU.Build.0 = Release|Any CPU
	EndGlobalSection
	GlobalSection(SolutionProperties) = preSolution
		HideSolutionNode = FALSE
	EndGlobalSection
	GlobalSection(ExtensibilityGlobals) = postSolution
		SolutionGuid = {06FFFC63-7111-422E-8C90-EA70B6104829}
	EndGlobalSection
EndGlobal
