
Microsoft Visual Studio Solution File, Format Version 12.00
# Visual Studio 15
VisualStudioVersion = 15.0.28307.2092
MinimumVisualStudioVersion = 10.0.40219.1
Project("{FAE04EC0-301F-11D3-BF4B-00C04F79EFBC}") = "打字训练", "打字训练\打字训练.csproj", "{141FAB3B-EFEB-48CC-B217-7BA6ED7E7BD3}"
EndProject
Global
	GlobalSection(SolutionConfigurationPlatforms) = preSolution
		Debug|Any CPU = Debug|Any CPU
		Release|Any CPU = Release|Any CPU
	EndGlobalSection
	GlobalSection(ProjectConfigurationPlatforms) = postSolution
		{141FAB3B-EFEB-48CC-B217-7BA6ED7E7BD3}.Debug|Any CPU.ActiveCfg = Debug|Any CPU
		{141FAB3B-EFEB-48CC-B217-7BA6ED7E7BD3}.Debug|Any CPU.Build.0 = Debug|Any CPU
		{141FAB3B-EFEB-48CC-B217-7BA6ED7E7BD3}.Release|Any CPU.ActiveCfg = Release|Any CPU
		{141FAB3B-EFEB-48CC-B217-7BA6ED7E7BD3}.Release|Any CPU.Build.0 = Release|Any CPU
	EndGlobalSection
	GlobalSection(SolutionProperties) = preSolution
		HideSolutionNode = FALSE
	EndGlobalSection
	GlobalSection(ExtensibilityGlobals) = postSolution
		SolutionGuid = {9F30B9CC-3FB1-4910-91F5-7D992563ADC3}
	EndGlobalSection
EndGlobal
