
Microsoft Visual Studio Solution File, Format Version 9.00
# Visual Studio 2005
Project("{FAE04EC0-301F-11D3-BF4B-00C04F79EFBC}") = "Savefile", "Savefile\Savefile.csproj", "{6B279A00-1941-4CC2-96E5-9AA33C6854CD}"
EndProject
Global
	GlobalSection(SolutionConfigurationPlatforms) = preSolution
		Debug|Any CPU = Debug|Any CPU
		Release|Any CPU = Release|Any CPU
	EndGlobalSection
	GlobalSection(ProjectConfigurationPlatforms) = postSolution
		{6B279A00-1941-4CC2-96E5-9AA33C6854CD}.Debug|Any CPU.ActiveCfg = Debug|Any CPU
		{6B279A00-1941-4CC2-96E5-9AA33C6854CD}.Debug|Any CPU.Build.0 = Debug|Any CPU
		{6B279A00-1941-4CC2-96E5-9AA33C6854CD}.Release|Any CPU.ActiveCfg = Release|Any CPU
		{6B279A00-1941-4CC2-96E5-9AA33C6854CD}.Release|Any CPU.Build.0 = Release|Any CPU
	EndGlobalSection
	GlobalSection(SolutionProperties) = preSolution
		HideSolutionNode = FALSE
	EndGlobalSection
EndGlobal
