
Microsoft Visual Studio Solution File, Format Version 12.00
# Visual Studio Version 16
VisualStudioVersion = 16.0.33027.164
MinimumVisualStudioVersion = 10.0.40219.1
Project("{FAE04EC0-301F-11D3-BF4B-00C04F79EFBC}") = "学员健康统计系统", "学员健康统计系统\学员健康统计系统.csproj", "{4BE56AA2-CFA3-4641-882F-B1BC25065368}"
EndProject
Global
	GlobalSection(SolutionConfigurationPlatforms) = preSolution
		Debug|Any CPU = Debug|Any CPU
		Release|Any CPU = Release|Any CPU
	EndGlobalSection
	GlobalSection(ProjectConfigurationPlatforms) = postSolution
		{4BE56AA2-CFA3-4641-882F-B1BC25065368}.Debug|Any CPU.ActiveCfg = Debug|Any CPU
		{4BE56AA2-CFA3-4641-882F-B1BC25065368}.Debug|Any CPU.Build.0 = Debug|Any CPU
		{4BE56AA2-CFA3-4641-882F-B1BC25065368}.Release|Any CPU.ActiveCfg = Release|Any CPU
		{4BE56AA2-CFA3-4641-882F-B1BC25065368}.Release|Any CPU.Build.0 = Release|Any CPU
	EndGlobalSection
	GlobalSection(SolutionProperties) = preSolution
		HideSolutionNode = FALSE
	EndGlobalSection
	GlobalSection(ExtensibilityGlobals) = postSolution
		SolutionGuid = {7F1A1B1E-790C-4F55-9439-B3735E671919}
	EndGlobalSection
EndGlobal
