
Microsoft Visual Studio Solution File, Format Version 12.00
# Visual Studio Version 16
VisualStudioVersion = 16.0.32929.386
MinimumVisualStudioVersion = 10.0.40219.1
Project("{FAE04EC0-301F-11D3-BF4B-00C04F79EFBC}") = "动物世界购物网站", "动物世界购物网站\动物世界购物网站.csproj", "{41A60952-FD53-4DEA-9570-5B1B74379944}"
EndProject
Global
	GlobalSection(SolutionConfigurationPlatforms) = preSolution
		Debug|Any CPU = Debug|Any CPU
		Release|Any CPU = Release|Any CPU
	EndGlobalSection
	GlobalSection(ProjectConfigurationPlatforms) = postSolution
		{41A60952-FD53-4DEA-9570-5B1B74379944}.Debug|Any CPU.ActiveCfg = Debug|Any CPU
		{41A60952-FD53-4DEA-9570-5B1B74379944}.Debug|Any CPU.Build.0 = Debug|Any CPU
		{41A60952-FD53-4DEA-9570-5B1B74379944}.Release|Any CPU.ActiveCfg = Release|Any CPU
		{41A60952-FD53-4DEA-9570-5B1B74379944}.Release|Any CPU.Build.0 = Release|Any CPU
	EndGlobalSection
	GlobalSection(SolutionProperties) = preSolution
		HideSolutionNode = FALSE
	EndGlobalSection
	GlobalSection(ExtensibilityGlobals) = postSolution
		SolutionGuid = {D5095567-C03E-44C8-94BE-36AE9AE4DA7A}
	EndGlobalSection
EndGlobal
