
Microsoft Visual Studio Solution File, Format Version 12.00
# Visual Studio Version 16
VisualStudioVersion = 16.0.33027.164
MinimumVisualStudioVersion = 10.0.40219.1
Project("{FAE04EC0-301F-11D3-BF4B-00C04F79EFBC}") = "宿舍管理评分系统", "宿舍管理评分系统\宿舍管理评分系统.csproj", "{EA5E9184-F52B-47C6-975F-C2E2A3D07562}"
EndProject
Global
	GlobalSection(SolutionConfigurationPlatforms) = preSolution
		Debug|Any CPU = Debug|Any CPU
		Release|Any CPU = Release|Any CPU
	EndGlobalSection
	GlobalSection(ProjectConfigurationPlatforms) = postSolution
		{EA5E9184-F52B-47C6-975F-C2E2A3D07562}.Debug|Any CPU.ActiveCfg = Debug|Any CPU
		{EA5E9184-F52B-47C6-975F-C2E2A3D07562}.Debug|Any CPU.Build.0 = Debug|Any CPU
		{EA5E9184-F52B-47C6-975F-C2E2A3D07562}.Release|Any CPU.ActiveCfg = Release|Any CPU
		{EA5E9184-F52B-47C6-975F-C2E2A3D07562}.Release|Any CPU.Build.0 = Release|Any CPU
	EndGlobalSection
	GlobalSection(SolutionProperties) = preSolution
		HideSolutionNode = FALSE
	EndGlobalSection
	GlobalSection(ExtensibilityGlobals) = postSolution
		SolutionGuid = {3733A5D5-CB61-4978-8D72-BB96DD331594}
	EndGlobalSection
EndGlobal
